
Microsoft Visual Studio Solution File, Format Version 12.00
# Visual Studio Version 16
VisualStudioVersion = 16.0.30907.101
MinimumVisualStudioVersion = 10.0.40219.1
Project("{FAE04EC0-301F-11D3-BF4B-00C04F79EFBC}") = "TransactionManagement", "TransactionManagement\TransactionManagement.csproj", "{7BA20AD8-A172-4056-B558-0B3532E2878E}"
EndProject
Global
	GlobalSection(SolutionConfigurationPlatforms) = preSolution
		Debug|Any CPU = Debug|Any CPU
		Release|Any CPU = Release|Any CPU
	EndGlobalSection
	GlobalSection(ProjectConfigurationPlatforms) = postSolution
		{7BA20AD8-A172-4056-B558-0B3532E2878E}.Debug|Any CPU.ActiveCfg = Debug|Any CPU
		{7BA20AD8-A172-4056-B558-0B3532E2878E}.Debug|Any CPU.Build.0 = Debug|Any CPU
		{7BA20AD8-A172-4056-B558-0B3532E2878E}.Release|Any CPU.ActiveCfg = Release|Any CPU
		{7BA20AD8-A172-4056-B558-0B3532E2878E}.Release|Any CPU.Build.0 = Release|Any CPU
	EndGlobalSection
	GlobalSection(SolutionProperties) = preSolution
		HideSolutionNode = FALSE
	EndGlobalSection
	GlobalSection(ExtensibilityGlobals) = postSolution
		SolutionGuid = {F967642A-4A39-41FB-AEF5-6B591C28B8C3}
	EndGlobalSection
EndGlobal
